
Microsoft Visual Studio Solution File, Format Version 12.00
# Visual Studio 2012
Project("{FAE04EC0-301F-11D3-BF4B-00C04F79EFBC}") = "CEPM", "CEPM\CEPM.csproj", "{CE18359F-E9BF-488A-A09A-D6B48CE2828A}"
EndProject
Project("{FAE04EC0-301F-11D3-BF4B-00C04F79EFBC}") = "CEPMBL", "CEPMBL\CEPMBL.csproj", "{B5C46772-3341-4A84-A5E5-3EAA78DD5365}"
EndProject
Project("{FAE04EC0-301F-11D3-BF4B-00C04F79EFBC}") = "CEPMDL", "CEPMDL\CEPMDL.csproj", "{CCD9BCCB-316E-460A-A5C4-DDF75468C639}"
EndProject
Global
	GlobalSection(SolutionConfigurationPlatforms) = preSolution
		Debug|Any CPU = Debug|Any CPU
		Release|Any CPU = Release|Any CPU
	EndGlobalSection
	GlobalSection(ProjectConfigurationPlatforms) = postSolution
		{CE18359F-E9BF-488A-A09A-D6B48CE2828A}.Debug|Any CPU.ActiveCfg = Debug|Any CPU
		{CE18359F-E9BF-488A-A09A-D6B48CE2828A}.Debug|Any CPU.Build.0 = Debug|Any CPU
		{CE18359F-E9BF-488A-A09A-D6B48CE2828A}.Release|Any CPU.ActiveCfg = Release|Any CPU
		{CE18359F-E9BF-488A-A09A-D6B48CE2828A}.Release|Any CPU.Build.0 = Release|Any CPU
		{B5C46772-3341-4A84-A5E5-3EAA78DD5365}.Debug|Any CPU.ActiveCfg = Debug|Any CPU
		{B5C46772-3341-4A84-A5E5-3EAA78DD5365}.Debug|Any CPU.Build.0 = Debug|Any CPU
		{B5C46772-3341-4A84-A5E5-3EAA78DD5365}.Release|Any CPU.ActiveCfg = Release|Any CPU
		{B5C46772-3341-4A84-A5E5-3EAA78DD5365}.Release|Any CPU.Build.0 = Release|Any CPU
		{CCD9BCCB-316E-460A-A5C4-DDF75468C639}.Debug|Any CPU.ActiveCfg = Debug|Any CPU
		{CCD9BCCB-316E-460A-A5C4-DDF75468C639}.Debug|Any CPU.Build.0 = Debug|Any CPU
		{CCD9BCCB-316E-460A-A5C4-DDF75468C639}.Release|Any CPU.ActiveCfg = Release|Any CPU
		{CCD9BCCB-316E-460A-A5C4-DDF75468C639}.Release|Any CPU.Build.0 = Release|Any CPU
	EndGlobalSection
	GlobalSection(SolutionProperties) = preSolution
		HideSolutionNode = FALSE
	EndGlobalSection
EndGlobal
